<?xml version="1.0" encoding="utf-8"?>
<Project ToolsVersion="4.0" xmlns="http://schemas.microsoft.com/developer/msbuild/2003">
  <ItemGroup>
    <ClCompile Include="mint.cpp" />
    <ClCompile Include="pc-main.cpp" />
  </ItemGroup>
  <ItemGroup>
    <ClInclude Include="mint.h" />
  </ItemGroup>
  <ItemGroup>
    <Text Include="history.txt" />
  </ItemGroup>
  <ItemGroup>
    <None Include="block-001.src" />
  </ItemGroup>
</Project>